
Microsoft Visual Studio Solution File, Format Version 12.00
# Visual Studio Version 17
VisualStudioVersion = 17.10.34928.147
MinimumVisualStudioVersion = 10.0.40219.1
Project("{FAE04EC0-301F-11D3-BF4B-00C04F79EFBC}") = "LandReclamation", "LandReclamation\LandReclamation.csproj", "{FBED50E0-7868-4C50-8FBA-7CAB56FCABEB}"
EndProject
Global
	GlobalSection(SolutionConfigurationPlatforms) = preSolution
		Debug|Any CPU = Debug|Any CPU
		Release|Any CPU = Release|Any CPU
	EndGlobalSection
	GlobalSection(ProjectConfigurationPlatforms) = postSolution
		{FBED50E0-7868-4C50-8FBA-7CAB56FCABEB}.Debug|Any CPU.ActiveCfg = Debug|Any CPU
		{FBED50E0-7868-4C50-8FBA-7CAB56FCABEB}.Debug|Any CPU.Build.0 = Debug|Any CPU
		{FBED50E0-7868-4C50-8FBA-7CAB56FCABEB}.Release|Any CPU.ActiveCfg = Release|Any CPU
		{FBED50E0-7868-4C50-8FBA-7CAB56FCABEB}.Release|Any CPU.Build.0 = Release|Any CPU
	EndGlobalSection
	GlobalSection(SolutionProperties) = preSolution
		HideSolutionNode = FALSE
	EndGlobalSection
	GlobalSection(ExtensibilityGlobals) = postSolution
		SolutionGuid = {4F77CD01-B7E8-400F-8116-B2F510B66DA4}
	EndGlobalSection
EndGlobal
